# This file was autogenerated by Stack.
# You should not edit this file by hand.
# For more information, please see the documentation at:
#   https://docs.haskellstack.org/en/stable/topics/lock_files

packages: []
snapshots:
- completed:
    sha256: 0b7347746262f0aec172d4699fac228e0df2fd563e36b84374fa02c65f8219de
    size: 732676
    url: https://raw.githubusercontent.com/commercialhaskell/stackage-snapshots/master/lts/24/47.yaml
  original: lts-24.47
